
Microsoft Visual Studio Solution File, Format Version 12.00
# Visual Studio Version 16
VisualStudioVersion = 25.0.1706.7
MinimumVisualStudioVersion = 10.0.40219.1
Project("{FAE04EC0-301F-11D3-BF4B-00C04F79EFBC}") = "Backend", "Backend.csproj", "{C70A8C08-85A9-42CC-AEC8-A3AFFE4A9326}"
EndProject
Global
	GlobalSection(SolutionConfigurationPlatforms) = preSolution
		Debug|Any CPU = Debug|Any CPU
		Release|Any CPU = Release|Any CPU
	EndGlobalSection
	GlobalSection(ProjectConfigurationPlatforms) = postSolution
		{C70A8C08-85A9-42CC-AEC8-A3AFFE4A9326}.Debug|Any CPU.ActiveCfg = Debug|Any CPU
		{C70A8C08-85A9-42CC-AEC8-A3AFFE4A9326}.Debug|Any CPU.Build.0 = Debug|Any CPU
		{C70A8C08-85A9-42CC-AEC8-A3AFFE4A9326}.Release|Any CPU.ActiveCfg = Release|Any CPU
		{C70A8C08-85A9-42CC-AEC8-A3AFFE4A9326}.Release|Any CPU.Build.0 = Release|Any CPU
	EndGlobalSection
	GlobalSection(SolutionProperties) = preSolution
		HideSolutionNode = FALSE
	EndGlobalSection
	GlobalSection(ExtensibilityGlobals) = postSolution
		SolutionGuid = {3A754CEF-C45A-46D8-814F-CAAC11834C9B}
	EndGlobalSection
EndGlobal
